
Microsoft Visual Studio Solution File, Format Version 12.00
# Visual Studio Version 17
VisualStudioVersion = 17.9.34728.123
MinimumVisualStudioVersion = 10.0.40219.1
Project("{9A19103F-16F7-4668-BE54-9A1E7A4F7556}") = "Variant_3", "Variant_3.csproj", "{49A5BC4B-7494-4DD5-BF07-7E534D69DAE3}"
EndProject
Project("{9A19103F-16F7-4668-BE54-9A1E7A4F7556}") = "Variant_3 Tests", "..\Variant_3 Tests\Variant_3 Tests.csproj", "{DCD07C8E-BA00-46AF-8369-D619391D3777}"
EndProject
Global
	GlobalSection(SolutionConfigurationPlatforms) = preSolution
		Debug|Any CPU = Debug|Any CPU
		Release|Any CPU = Release|Any CPU
	EndGlobalSection
	GlobalSection(ProjectConfigurationPlatforms) = postSolution
		{49A5BC4B-7494-4DD5-BF07-7E534D69DAE3}.Debug|Any CPU.ActiveCfg = Debug|Any CPU
		{49A5BC4B-7494-4DD5-BF07-7E534D69DAE3}.Debug|Any CPU.Build.0 = Debug|Any CPU
		{49A5BC4B-7494-4DD5-BF07-7E534D69DAE3}.Release|Any CPU.ActiveCfg = Release|Any CPU
		{49A5BC4B-7494-4DD5-BF07-7E534D69DAE3}.Release|Any CPU.Build.0 = Release|Any CPU
		{DCD07C8E-BA00-46AF-8369-D619391D3777}.Debug|Any CPU.ActiveCfg = Debug|Any CPU
		{DCD07C8E-BA00-46AF-8369-D619391D3777}.Debug|Any CPU.Build.0 = Debug|Any CPU
		{DCD07C8E-BA00-46AF-8369-D619391D3777}.Release|Any CPU.ActiveCfg = Release|Any CPU
		{DCD07C8E-BA00-46AF-8369-D619391D3777}.Release|Any CPU.Build.0 = Release|Any CPU
	EndGlobalSection
	GlobalSection(SolutionProperties) = preSolution
		HideSolutionNode = FALSE
	EndGlobalSection
	GlobalSection(ExtensibilityGlobals) = postSolution
		SolutionGuid = {90D508E0-161E-4453-B640-E74C5C164669}
	EndGlobalSection
EndGlobal
